
Microsoft Visual Studio Solution File, Format Version 12.00
# Visual Studio Version 17
VisualStudioVersion = 17.14.36518.9 d17.14
MinimumVisualStudioVersion = 10.0.40219.1
Project("{FAE04EC0-301F-11D3-BF4B-00C04F79EFBC}") = "autocare-api", "autocare-api\autocare-api.csproj", "{3018BC76-3C8A-4FC0-AC88-99CB9E0EAF53}"
EndProject
Global
	GlobalSection(SolutionConfigurationPlatforms) = preSolution
		Debug|Any CPU = Debug|Any CPU
		Release|Any CPU = Release|Any CPU
	EndGlobalSection
	GlobalSection(ProjectConfigurationPlatforms) = postSolution
		{3018BC76-3C8A-4FC0-AC88-99CB9E0EAF53}.Debug|Any CPU.ActiveCfg = Debug|Any CPU
		{3018BC76-3C8A-4FC0-AC88-99CB9E0EAF53}.Debug|Any CPU.Build.0 = Debug|Any CPU
		{3018BC76-3C8A-4FC0-AC88-99CB9E0EAF53}.Release|Any CPU.ActiveCfg = Release|Any CPU
		{3018BC76-3C8A-4FC0-AC88-99CB9E0EAF53}.Release|Any CPU.Build.0 = Release|Any CPU
	EndGlobalSection
	GlobalSection(SolutionProperties) = preSolution
		HideSolutionNode = FALSE
	EndGlobalSection
	GlobalSection(ExtensibilityGlobals) = postSolution
		SolutionGuid = {CC4183B4-8E39-447E-A84C-8AC7ABBD0F51}
	EndGlobalSection
EndGlobal
